
Microsoft Visual Studio Solution File, Format Version 12.00
# Visual Studio Version 17
VisualStudioVersion = 17.0.31912.275
MinimumVisualStudioVersion = 10.0.40219.1
Project("{9A19103F-16F7-4668-BE54-9A1E7A4F7556}") = "OnlineRetailPlatformDiss", "OnlineRetailPlatformDiss\OnlineRetailPlatformDiss.csproj", "{57C067FB-AF83-4595-91E8-2763AD787274}"
EndProject
Project("{2150E333-8FDC-42A3-9474-1A3956D46DE8}") = "Solution Items", "Solution Items", "{C22BEB6B-5A74-4734-8C96-1B5BBFEDD958}"
	ProjectSection(SolutionItems) = preProject
		.editorconfig = .editorconfig
	EndProjectSection
EndProject
Project("{9A19103F-16F7-4668-BE54-9A1E7A4F7556}") = "OnlineRetailPlatformDissUnitTests", "OnlineRetailPlatformDissUnitTests\OnlineRetailPlatformDissUnitTests.csproj", "{C183C8A6-9824-41D6-A731-25ED8BF4BD70}"
EndProject
Project("{FAE04EC0-301F-11D3-BF4B-00C04F79EFBC}") = "OnlineRetailPlatformDissSeleniumTests", "OnlineRetailPlatformDissSeleniumTests\OnlineRetailPlatformDissSeleniumTests.csproj", "{CACB28F7-42EA-40EC-8F07-FDB38FD41342}"
EndProject
Global
	GlobalSection(SolutionConfigurationPlatforms) = preSolution
		Debug|Any CPU = Debug|Any CPU
		Release|Any CPU = Release|Any CPU
	EndGlobalSection
	GlobalSection(ProjectConfigurationPlatforms) = postSolution
		{57C067FB-AF83-4595-91E8-2763AD787274}.Debug|Any CPU.ActiveCfg = Debug|Any CPU
		{57C067FB-AF83-4595-91E8-2763AD787274}.Debug|Any CPU.Build.0 = Debug|Any CPU
		{57C067FB-AF83-4595-91E8-2763AD787274}.Release|Any CPU.ActiveCfg = Release|Any CPU
		{57C067FB-AF83-4595-91E8-2763AD787274}.Release|Any CPU.Build.0 = Release|Any CPU
		{C183C8A6-9824-41D6-A731-25ED8BF4BD70}.Debug|Any CPU.ActiveCfg = Debug|Any CPU
		{C183C8A6-9824-41D6-A731-25ED8BF4BD70}.Debug|Any CPU.Build.0 = Debug|Any CPU
		{C183C8A6-9824-41D6-A731-25ED8BF4BD70}.Release|Any CPU.ActiveCfg = Release|Any CPU
		{C183C8A6-9824-41D6-A731-25ED8BF4BD70}.Release|Any CPU.Build.0 = Release|Any CPU
		{CACB28F7-42EA-40EC-8F07-FDB38FD41342}.Debug|Any CPU.ActiveCfg = Debug|Any CPU
		{CACB28F7-42EA-40EC-8F07-FDB38FD41342}.Debug|Any CPU.Build.0 = Debug|Any CPU
		{CACB28F7-42EA-40EC-8F07-FDB38FD41342}.Release|Any CPU.ActiveCfg = Release|Any CPU
		{CACB28F7-42EA-40EC-8F07-FDB38FD41342}.Release|Any CPU.Build.0 = Release|Any CPU
	EndGlobalSection
	GlobalSection(SolutionProperties) = preSolution
		HideSolutionNode = FALSE
	EndGlobalSection
	GlobalSection(ExtensibilityGlobals) = postSolution
		SolutionGuid = {B5F33F02-3B6A-4F35-83DF-5A5BF7511F42}
	EndGlobalSection
EndGlobal
